// !$*UTF8*$!
{
	archiveVersion = 1;
	classes = {
	};
	objectVersion = 46;
	objects = {

/* Begin PBXBuildFile section */
		411106E91CFF771300B3DCB6 /* SignupViewController.swift in Sources */ = {isa = PBXBuildFile; fileRef = 411106E81CFF771300B3DCB6 /* SignupViewController.swift */; };
		411106EB1CFF85BF00B3DCB6 /* NewsFeedViewController.swift in Sources */ = {isa = PBXBuildFile; fileRef = 411106EA1CFF85BF00B3DCB6 /* NewsFeedViewController.swift */; };
		411106EE1CFF862500B3DCB6 /* DataService.swift in Sources */ = {isa = PBXBuildFile; fileRef = 411106ED1CFF862500B3DCB6 /* DataService.swift */; };
		411106F11CFF878C00B3DCB6 /* User.swift in Sources */ = {isa = PBXBuildFile; fileRef = 411106F01CFF878C00B3DCB6 /* User.swift */; };
		418C3B301CFE03A90095830D /* AppDelegate.swift in Sources */ = {isa = PBXBuildFile; fileRef = 418C3B2F1CFE03A90095830D /* AppDelegate.swift */; };
		418C3B321CFE03A90095830D /* LoginViewController.swift in Sources */ = {isa = PBXBuildFile; fileRef = 418C3B311CFE03A90095830D /* LoginViewController.swift */; };
		418C3B351CFE03A90095830D /* Main.storyboard in Resources */ = {isa = PBXBuildFile; fileRef = 418C3B331CFE03A90095830D /* Main.storyboard */; };
		418C3B371CFE03A90095830D /* Assets.xcassets in Resources */ = {isa = PBXBuildFile; fileRef = 418C3B361CFE03A90095830D /* Assets.xcassets */; };
		418C3B3A1CFE03A90095830D /* LaunchScreen.storyboard in Resources */ = {isa = PBXBuildFile; fileRef = 418C3B381CFE03A90095830D /* LaunchScreen.storyboard */; };
		418C3B421CFE04A50095830D /* GoogleService-Info.plist in Resources */ = {isa = PBXBuildFile; fileRef = 418C3B411CFE04A50095830D /* GoogleService-Info.plist */; };
		41A9573F1D0091D1003252E7 /* ProfileViewController.swift in Sources */ = {isa = PBXBuildFile; fileRef = 41A9573E1D0091D1003252E7 /* ProfileViewController.swift */; };
		763ADCB6A9B91744EF9DB657 /* Pods_Huddle.framework in Frameworks */ = {isa = PBXBuildFile; fileRef = 13E1AABD64C10FCBEFC93B06 /* Pods_Huddle.framework */; };
/* End PBXBuildFile section */

/* Begin PBXFileReference section */
		13E1AABD64C10FCBEFC93B06 /* Pods_Huddle.framework */ = {isa = PBXFileReference; explicitFileType = wrapper.framework; includeInIndex = 0; path = Pods_Huddle.framework; sourceTree = BUILT_PRODUCTS_DIR; };
		411106E81CFF771300B3DCB6 /* SignupViewController.swift */ = {isa = PBXFileReference; fileEncoding = 4; lastKnownFileType = sourcecode.swift; path = SignupViewController.swift; sourceTree = "<group>"; };
		411106EA1CFF85BF00B3DCB6 /* NewsFeedViewController.swift */ = {isa = PBXFileReference; fileEncoding = 4; lastKnownFileType = sourcecode.swift; path = NewsFeedViewController.swift; sourceTree = "<group>"; };
		411106ED1CFF862500B3DCB6 /* DataService.swift */ = {isa = PBXFileReference; fileEncoding = 4; lastKnownFileType = sourcecode.swift; path = DataService.swift; sourceTree = "<group>"; };
		411106F01CFF878C00B3DCB6 /* User.swift */ = {isa = PBXFileReference; fileEncoding = 4; lastKnownFileType = sourcecode.swift; path = User.swift; sourceTree = "<group>"; };
		418C3B2C1CFE03A90095830D /* Huddle.app */ = {isa = PBXFileReference; explicitFileType = wrapper.application; includeInIndex = 0; path = Huddle.app; sourceTree = BUILT_PRODUCTS_DIR; };
		418C3B2F1CFE03A90095830D /* AppDelegate.swift */ = {isa = PBXFileReference; lastKnownFileType = sourcecode.swift; path = AppDelegate.swift; sourceTree = "<group>"; };
		418C3B311CFE03A90095830D /* LoginViewController.swift */ = {isa = PBXFileReference; lastKnownFileType = sourcecode.swift; path = LoginViewController.swift; sourceTree = "<group>"; };
		418C3B341CFE03A90095830D /* Base */ = {isa = PBXFileReference; lastKnownFileType = file.storyboard; name = Base; path = Base.lproj/Main.storyboard; sourceTree = "<group>"; };
		418C3B361CFE03A90095830D /* Assets.xcassets */ = {isa = PBXFileReference; lastKnownFileType = folder.assetcatalog; path = Assets.xcassets; sourceTree = "<group>"; };
		418C3B391CFE03A90095830D /* Base */ = {isa = PBXFileReference; lastKnownFileType = file.storyboard; name = Base; path = Base.lproj/LaunchScreen.storyboard; sourceTree = "<group>"; };
		418C3B3B1CFE03A90095830D /* Info.plist */ = {isa = PBXFileReference; lastKnownFileType = text.plist.xml; path = Info.plist; sourceTree = "<group>"; };
		418C3B411CFE04A50095830D /* GoogleService-Info.plist */ = {isa = PBXFileReference; fileEncoding = 4; lastKnownFileType = text.plist.xml; path = "GoogleService-Info.plist"; sourceTree = "<group>"; };
		41A9573E1D0091D1003252E7 /* ProfileViewController.swift */ = {isa = PBXFileReference; fileEncoding = 4; lastKnownFileType = sourcecode.swift; path = ProfileViewController.swift; sourceTree = "<group>"; };
		43C5079EE2B887BB6D674868 /* Pods-Huddle.release.xcconfig */ = {isa = PBXFileReference; includeInIndex = 1; lastKnownFileType = text.xcconfig; name = "Pods-Huddle.release.xcconfig"; path = "Pods/Target Support Files/Pods-Huddle/Pods-Huddle.release.xcconfig"; sourceTree = "<group>"; };
		BD58443210CE515DE58C14B2 /* Pods-Huddle.debug.xcconfig */ = {isa = PBXFileReference; includeInIndex = 1; lastKnownFileType = text.xcconfig; name = "Pods-Huddle.debug.xcconfig"; path = "Pods/Target Support Files/Pods-Huddle/Pods-Huddle.debug.xcconfig"; sourceTree = "<group>"; };
/* End PBXFileReference section */

/* Begin PBXFrameworksBuildPhase section */
		418C3B291CFE03A90095830D /* Frameworks */ = {
			isa = PBXFrameworksBuildPhase;
			buildActionMask = 2147483647;
			files = (
				763ADCB6A9B91744EF9DB657 /* Pods_Huddle.framework in Frameworks */,
			);
			runOnlyForDeploymentPostprocessing = 0;
		};
/* End PBXFrameworksBuildPhase section */

/* Begin PBXGroup section */
		0AE5DBB3EC7A4992A6B67E15 /* Frameworks */ = {
			isa = PBXGroup;
			children = (
				13E1AABD64C10FCBEFC93B06 /* Pods_Huddle.framework */,
			);
			name = Frameworks;
			sourceTree = "<group>";
		};
		411106EC1CFF861400B3DCB6 /* Data Service */ = {
			isa = PBXGroup;
			children = (
				411106ED1CFF862500B3DCB6 /* DataService.swift */,
			);
			name = "Data Service";
			sourceTree = "<group>";
		};
		411106EF1CFF877E00B3DCB6 /* Models */ = {
			isa = PBXGroup;
			children = (
				411106F01CFF878C00B3DCB6 /* User.swift */,
			);
			name = Models;
			sourceTree = "<group>";
		};
		418C3B231CFE03A90095830D = {
			isa = PBXGroup;
			children = (
				418C3B2E1CFE03A90095830D /* Huddle */,
				418C3B2D1CFE03A90095830D /* Products */,
				774B912803B09C74EC5DC8B6 /* Pods */,
				0AE5DBB3EC7A4992A6B67E15 /* Frameworks */,
			);
			sourceTree = "<group>";
		};
		418C3B2D1CFE03A90095830D /* Products */ = {
			isa = PBXGroup;
			children = (
				418C3B2C1CFE03A90095830D /* Huddle.app */,
			);
			name = Products;
			sourceTree = "<group>";
		};
		418C3B2E1CFE03A90095830D /* Huddle */ = {
			isa = PBXGroup;
			children = (
				411106EF1CFF877E00B3DCB6 /* Models */,
				411106EC1CFF861400B3DCB6 /* Data Service */,
				418C3B451CFE04C90095830D /* Controllers */,
				418C3B441CFE04C10095830D /* Views */,
				418C3B431CFE04B30095830D /* Supporting Files */,
			);
			path = Huddle;
			sourceTree = "<group>";
		};
		418C3B431CFE04B30095830D /* Supporting Files */ = {
			isa = PBXGroup;
			children = (
				418C3B361CFE03A90095830D /* Assets.xcassets */,
				418C3B3B1CFE03A90095830D /* Info.plist */,
				418C3B411CFE04A50095830D /* GoogleService-Info.plist */,
			);
			name = "Supporting Files";
			sourceTree = "<group>";
		};
		418C3B441CFE04C10095830D /* Views */ = {
			isa = PBXGroup;
			children = (
				418C3B331CFE03A90095830D /* Main.storyboard */,
				418C3B381CFE03A90095830D /* LaunchScreen.storyboard */,
			);
			name = Views;
			sourceTree = "<group>";
		};
		418C3B451CFE04C90095830D /* Controllers */ = {
			isa = PBXGroup;
			children = (
				418C3B2F1CFE03A90095830D /* AppDelegate.swift */,
				418C3B311CFE03A90095830D /* LoginViewController.swift */,
				411106E81CFF771300B3DCB6 /* SignupViewController.swift */,
				411106EA1CFF85BF00B3DCB6 /* NewsFeedViewController.swift */,
				41A9573E1D0091D1003252E7 /* ProfileViewController.swift */,
			);
			name = Controllers;
			sourceTree = "<group>";
		};
		774B912803B09C74EC5DC8B6 /* Pods */ = {
			isa = PBXGroup;
			children = (
				BD58443210CE515DE58C14B2 /* Pods-Huddle.debug.xcconfig */,
				43C5079EE2B887BB6D674868 /* Pods-Huddle.release.xcconfig */,
			);
			name = Pods;
			sourceTree = "<group>";
		};
/* End PBXGroup section */

/* Begin PBXNativeTarget section */
		418C3B2B1CFE03A90095830D /* Huddle */ = {
			isa = PBXNativeTarget;
			buildConfigurationList = 418C3B3E1CFE03A90095830D /* Build configuration list for PBXNativeTarget "Huddle" */;
			buildPhases = (
				2E025232ED428DFEB5899220 /* 📦 Check Pods Manifest.lock */,
				418C3B281CFE03A90095830D /* Sources */,
				418C3B291CFE03A90095830D /* Frameworks */,
				418C3B2A1CFE03A90095830D /* Resources */,
				45F61AC9502C83DE3D1F87F4 /* 📦 Embed Pods Frameworks */,
				A490A1376AE1031D6E761AF1 /* 📦 Copy Pods Resources */,
			);
			buildRules = (
			);
			dependencies = (
			);
			name = Huddle;
			productName = Huddle;
			productReference = 418C3B2C1CFE03A90095830D /* Huddle.app */;
			productType = "com.apple.product-type.application";
		};
/* End PBXNativeTarget section */

/* Begin PBXProject section */
		418C3B241CFE03A90095830D /* Project object */ = {
			isa = PBXProject;
			attributes = {
				LastSwiftUpdateCheck = 0730;
				LastUpgradeCheck = 0730;
				ORGANIZATIONNAME = "Donny Davis";
				TargetAttributes = {
					418C3B2B1CFE03A90095830D = {
						CreatedOnToolsVersion = 7.3;
					};
				};
			};
			buildConfigurationList = 418C3B271CFE03A90095830D /* Build configuration list for PBXProject "Huddle" */;
			compatibilityVersion = "Xcode 3.2";
			developmentRegion = English;
			hasScannedForEncodings = 0;
			knownRegions = (
				en,
				Base,
			);
			mainGroup = 418C3B231CFE03A90095830D;
			productRefGroup = 418C3B2D1CFE03A90095830D /* Products */;
			projectDirPath = "";
			projectRoot = "";
			targets = (
				418C3B2B1CFE03A90095830D /* Huddle */,
			);
		};
/* End PBXProject section */

/* Begin PBXResourcesBuildPhase section */
		418C3B2A1CFE03A90095830D /* Resources */ = {
			isa = PBXResourcesBuildPhase;
			buildActionMask = 2147483647;
			files = (
				418C3B3A1CFE03A90095830D /* LaunchScreen.storyboard in Resources */,
				418C3B421CFE04A50095830D /* GoogleService-Info.plist in Resources */,
				418C3B371CFE03A90095830D /* Assets.xcassets in Resources */,
				418C3B351CFE03A90095830D /* Main.storyboard in Resources */,
			);
			runOnlyForDeploymentPostprocessing = 0;
		};
/* End PBXResourcesBuildPhase section */

/* Begin PBXShellScriptBuildPhase section */
		2E025232ED428DFEB5899220 /* 📦 Check Pods Manifest.lock */ = {
			isa = PBXShellScriptBuildPhase;
			buildActionMask = 2147483647;
			files = (
			);
			inputPaths = (
			);
			name = "📦 Check Pods Manifest.lock";
			outputPaths = (
			);
			runOnlyForDeploymentPostprocessing = 0;
			shellPath = /bin/sh;
			shellScript = "diff \"${PODS_ROOT}/../Podfile.lock\" \"${PODS_ROOT}/Manifest.lock\" > /dev/null\nif [[ $? != 0 ]] ; then\n    cat << EOM\nerror: The sandbox is not in sync with the Podfile.lock. Run 'pod install' or update your CocoaPods installation.\nEOM\n    exit 1\nfi\n";
			showEnvVarsInLog = 0;
		};
		45F61AC9502C83DE3D1F87F4 /* 📦 Embed Pods Frameworks */ = {
			isa = PBXShellScriptBuildPhase;
			buildActionMask = 2147483647;
			files = (
			);
			inputPaths = (
			);
			name = "📦 Embed Pods Frameworks";
			outputPaths = (
			);
			runOnlyForDeploymentPostprocessing = 0;
			shellPath = /bin/sh;
			shellScript = "\"${SRCROOT}/Pods/Target Support Files/Pods-Huddle/Pods-Huddle-frameworks.sh\"\n";
			showEnvVarsInLog = 0;
		};
		A490A1376AE1031D6E761AF1 /* 📦 Copy Pods Resources */ = {
			isa = PBXShellScriptBuildPhase;
			buildActionMask = 2147483647;
			files = (
			);
			inputPaths = (
			);
			name = "📦 Copy Pods Resources";
			outputPaths = (
			);
			runOnlyForDeploymentPostprocessing = 0;
			shellPath = /bin/sh;
			shellScript = "\"${SRCROOT}/Pods/Target Support Files/Pods-Huddle/Pods-Huddle-resources.sh\"\n";
			showEnvVarsInLog = 0;
		};
/* End PBXShellScriptBuildPhase section */

/* Begin PBXSourcesBuildPhase section */
		418C3B281CFE03A90095830D /* Sources */ = {
			isa = PBXSourcesBuildPhase;
			buildActionMask = 2147483647;
			files = (
				418C3B321CFE03A90095830D /* LoginViewController.swift in Sources */,
				411106E91CFF771300B3DCB6 /* SignupViewController.swift in Sources */,
				411106F11CFF878C00B3DCB6 /* User.swift in Sources */,
				418C3B301CFE03A90095830D /* AppDelegate.swift in Sources */,
				411106EB1CFF85BF00B3DCB6 /* NewsFeedViewController.swift in Sources */,
				41A9573F1D0091D1003252E7 /* ProfileViewController.swift in Sources */,
				411106EE1CFF862500B3DCB6 /* DataService.swift in Sources */,
			);
			runOnlyForDeploymentPostprocessing = 0;
		};
/* End PBXSourcesBuildPhase section */

/* Begin PBXVariantGroup section */
		418C3B331CFE03A90095830D /* Main.storyboard */ = {
			isa = PBXVariantGroup;
			children = (
				418C3B341CFE03A90095830D /* Base */,
			);
			name = Main.storyboard;
			sourceTree = "<group>";
		};
		418C3B381CFE03A90095830D /* LaunchScreen.storyboard */ = {
			isa = PBXVariantGroup;
			children = (
				418C3B391CFE03A90095830D /* Base */,
			);
			name = LaunchScreen.storyboard;
			sourceTree = "<group>";
		};
/* End PBXVariantGroup section */

/* Begin XCBuildConfiguration section */
		418C3B3C1CFE03A90095830D /* Debug */ = {
			isa = XCBuildConfiguration;
			buildSettings = {
				ALWAYS_SEARCH_USER_PATHS = NO;
				CLANG_ANALYZER_NONNULL = YES;
				CLANG_CXX_LANGUAGE_STANDARD = "gnu++0x";
				CLANG_CXX_LIBRARY = "libc++";
				CLANG_ENABLE_MODULES = YES;
				CLANG_ENABLE_OBJC_ARC = YES;
				CLANG_WARN_BOOL_CONVERSION = YES;
				CLANG_WARN_CONSTANT_CONVERSION = YES;
				CLANG_WARN_DIRECT_OBJC_ISA_USAGE = YES_ERROR;
				CLANG_WARN_EMPTY_BODY = YES;
				CLANG_WARN_ENUM_CONVERSION = YES;
				CLANG_WARN_INT_CONVERSION = YES;
				CLANG_WARN_OBJC_ROOT_CLASS = YES_ERROR;
				CLANG_WARN_UNREACHABLE_CODE = YES;
				CLANG_WARN__DUPLICATE_METHOD_MATCH = YES;
				"CODE_SIGN_IDENTITY[sdk=iphoneos*]" = "iPhone Developer";
				COPY_PHASE_STRIP = NO;
				DEBUG_INFORMATION_FORMAT = dwarf;
				ENABLE_STRICT_OBJC_MSGSEND = YES;
				ENABLE_TESTABILITY = YES;
				GCC_C_LANGUAGE_STANDARD = gnu99;
				GCC_DYNAMIC_NO_PIC = NO;
				GCC_NO_COMMON_BLOCKS = YES;
				GCC_OPTIMIZATION_LEVEL = 0;
				GCC_PREPROCESSOR_DEFINITIONS = (
					"DEBUG=1",
					"$(inherited)",
				);
				GCC_WARN_64_TO_32_BIT_CONVERSION = YES;
				GCC_WARN_ABOUT_RETURN_TYPE = YES_ERROR;
				GCC_WARN_UNDECLARED_SELECTOR = YES;
				GCC_WARN_UNINITIALIZED_AUTOS = YES_AGGRESSIVE;
				GCC_WARN_UNUSED_FUNCTION = YES;
				GCC_WARN_UNUSED_VARIABLE = YES;
				IPHONEOS_DEPLOYMENT_TARGET = 9.3;
				MTL_ENABLE_DEBUG_INFO = YES;
				ONLY_ACTIVE_ARCH = YES;
				SDKROOT = iphoneos;
				SWIFT_OPTIMIZATION_LEVEL = "-Onone";
			};
			name = Debug;
		};
		418C3B3D1CFE03A90095830D /* Release */ = {
			isa = XCBuildConfiguration;
			buildSettings = {
				ALWAYS_SEARCH_USER_PATHS = NO;
				CLANG_ANALYZER_NONNULL = YES;
				CLANG_CXX_LANGUAGE_STANDARD = "gnu++0x";
				CLANG_CXX_LIBRARY = "libc++";
				CLANG_ENABLE_MODULES = YES;
				CLANG_ENABLE_OBJC_ARC = YES;
				CLANG_WARN_BOOL_CONVERSION = YES;
				CLANG_WARN_CONSTANT_CONVERSION = YES;
				CLANG_WARN_DIRECT_OBJC_ISA_USAGE = YES_ERROR;
				CLANG_WARN_EMPTY_BODY = YES;
				CLANG_WARN_ENUM_CONVERSION = YES;
				CLANG_WARN_INT_CONVERSION = YES;
				CLANG_WARN_OBJC_ROOT_CLASS = YES_ERROR;
				CLANG_WARN_UNREACHABLE_CODE = YES;
				CLANG_WARN__DUPLICATE_METHOD_MATCH = YES;
				"CODE_SIGN_IDENTITY[sdk=iphoneos*]" = "iPhone Developer";
				COPY_PHASE_STRIP = NO;
				DEBUG_INFORMATION_FORMAT = "dwarf-with-dsym";
				ENABLE_NS_ASSERTIONS = NO;
				ENABLE_STRICT_OBJC_MSGSEND = YES;
				GCC_C_LANGUAGE_STANDARD = gnu99;
				GCC_NO_COMMON_BLOCKS = YES;
				GCC_WARN_64_TO_32_BIT_CONVERSION = YES;
				GCC_WARN_ABOUT_RETURN_TYPE = YES_ERROR;
				GCC_WARN_UNDECLARED_SELECTOR = YES;
				GCC_WARN_UNINITIALIZED_AUTOS = YES_AGGRESSIVE;
				GCC_WARN_UNUSED_FUNCTION = YES;
				GCC_WARN_UNUSED_VARIABLE = YES;
				IPHONEOS_DEPLOYMENT_TARGET = 9.3;
				MTL_ENABLE_DEBUG_INFO = NO;
				SDKROOT = iphoneos;
				VALIDATE_PRODUCT = YES;
			};
			name = Release;
		};
		418C3B3F1CFE03A90095830D /* Debug */ = {
			isa = XCBuildConfiguration;
			baseConfigurationReference = BD58443210CE515DE58C14B2 /* Pods-Huddle.debug.xcconfig */;
			buildSettings = {
				ASSETCATALOG_COMPILER_APPICON_NAME = AppIcon;
				INFOPLIST_FILE = Huddle/Info.plist;
				LD_RUNPATH_SEARCH_PATHS = "$(inherited) @executable_path/Frameworks";
				PRODUCT_BUNDLE_IDENTIFIER = com.donnywdavis.Huddle;
				PRODUCT_NAME = "$(TARGET_NAME)";
			};
			name = Debug;
		};
		418C3B401CFE03A90095830D /* Release */ = {
			isa = XCBuildConfiguration;
			baseConfigurationReference = 43C5079EE2B887BB6D674868 /* Pods-Huddle.release.xcconfig */;
			buildSettings = {
				ASSETCATALOG_COMPILER_APPICON_NAME = AppIcon;
				INFOPLIST_FILE = Huddle/Info.plist;
				LD_RUNPATH_SEARCH_PATHS = "$(inherited) @executable_path/Frameworks";
				PRODUCT_BUNDLE_IDENTIFIER = com.donnywdavis.Huddle;
				PRODUCT_NAME = "$(TARGET_NAME)";
			};
			name = Release;
		};
/* End XCBuildConfiguration section */

/* Begin XCConfigurationList section */
		418C3B271CFE03A90095830D /* Build configuration list for PBXProject "Huddle" */ = {
			isa = XCConfigurationList;
			buildConfigurations = (
				418C3B3C1CFE03A90095830D /* Debug */,
				418C3B3D1CFE03A90095830D /* Release */,
			);
			defaultConfigurationIsVisible = 0;
			defaultConfigurationName = Release;
		};
		418C3B3E1CFE03A90095830D /* Build configuration list for PBXNativeTarget "Huddle" */ = {
			isa = XCConfigurationList;
			buildConfigurations = (
				418C3B3F1CFE03A90095830D /* Debug */,
				418C3B401CFE03A90095830D /* Release */,
			);
			defaultConfigurationIsVisible = 0;
			defaultConfigurationName = Release;
		};
/* End XCConfigurationList section */
	};
	rootObject = 418C3B241CFE03A90095830D /* Project object */;
}
