// !$*UTF8*$!
{
	archiveVersion = 1;
	classes = {
	};
	objectVersion = 46;
	objects = {

/* Begin PBXBuildFile section */
		418C3B301CFE03A90095830D /* AppDelegate.swift in Sources */ = {isa = PBXBuildFile; fileRef = 418C3B2F1CFE03A90095830D /* AppDelegate.swift */; };
		418C3B321CFE03A90095830D /* ViewController.swift in Sources */ = {isa = PBXBuildFile; fileRef = 418C3B311CFE03A90095830D /* ViewController.swift */; };
		418C3B351CFE03A90095830D /* Main.storyboard in Resources */ = {isa = PBXBuildFile; fileRef = 418C3B331CFE03A90095830D /* Main.storyboard */; };
		418C3B371CFE03A90095830D /* Assets.xcassets in Resources */ = {isa = PBXBuildFile; fileRef = 418C3B361CFE03A90095830D /* Assets.xcassets */; };
		418C3B3A1CFE03A90095830D /* LaunchScreen.storyboard in Resources */ = {isa = PBXBuildFile; fileRef = 418C3B381CFE03A90095830D /* LaunchScreen.storyboard */; };
/* End PBXBuildFile section */

/* Begin PBXFileReference section */
		418C3B2C1CFE03A90095830D /* Huddle.app */ = {isa = PBXFileReference; explicitFileType = wrapper.application; includeInIndex = 0; path = Huddle.app; sourceTree = BUILT_PRODUCTS_DIR; };
		418C3B2F1CFE03A90095830D /* AppDelegate.swift */ = {isa = PBXFileReference; lastKnownFileType = sourcecode.swift; path = AppDelegate.swift; sourceTree = "<group>"; };
		418C3B311CFE03A90095830D /* ViewController.swift */ = {isa = PBXFileReference; lastKnownFileType = sourcecode.swift; path = ViewController.swift; sourceTree = "<group>"; };
		418C3B341CFE03A90095830D /* Base */ = {isa = PBXFileReference; lastKnownFileType = file.storyboard; name = Base; path = Base.lproj/Main.storyboard; sourceTree = "<group>"; };
		418C3B361CFE03A90095830D /* Assets.xcassets */ = {isa = PBXFileReference; lastKnownFileType = folder.assetcatalog; path = Assets.xcassets; sourceTree = "<group>"; };
		418C3B391CFE03A90095830D /* Base */ = {isa = PBXFileReference; lastKnownFileType = file.storyboard; name = Base; path = Base.lproj/LaunchScreen.storyboard; sourceTree = "<group>"; };
		418C3B3B1CFE03A90095830D /* Info.plist */ = {isa = PBXFileReference; lastKnownFileType = text.plist.xml; path = Info.plist; sourceTree = "<group>"; };
/* End PBXFileReference section */

/* Begin PBXFrameworksBuildPhase section */
		418C3B291CFE03A90095830D /* Frameworks */ = {
			isa = PBXFrameworksBuildPhase;
			buildActionMask = 2147483647;
			files = (
			);
			runOnlyForDeploymentPostprocessing = 0;
		};
/* End PBXFrameworksBuildPhase section */

/* Begin PBXGroup section */
		418C3B231CFE03A90095830D = {
			isa = PBXGroup;
			children = (
				418C3B2E1CFE03A90095830D /* Huddle */,
				418C3B2D1CFE03A90095830D /* Products */,
			);
			sourceTree = "<group>";
		};
		418C3B2D1CFE03A90095830D /* Products */ = {
			isa = PBXGroup;
			children = (
				418C3B2C1CFE03A90095830D /* Huddle.app */,
			);
			name = Products;
			sourceTree = "<group>";
		};
		418C3B2E1CFE03A90095830D /* Huddle */ = {
			isa = PBXGroup;
			children = (
				418C3B2F1CFE03A90095830D /* AppDelegate.swift */,
				418C3B311CFE03A90095830D /* ViewController.swift */,
				418C3B331CFE03A90095830D /* Main.storyboard */,
				418C3B361CFE03A90095830D /* Assets.xcassets */,
				418C3B381CFE03A90095830D /* LaunchScreen.storyboard */,
				418C3B3B1CFE03A90095830D /* Info.plist */,
			);
			path = Huddle;
			sourceTree = "<group>";
		};
/* End PBXGroup section */

/* Begin PBXNativeTarget section */
		418C3B2B1CFE03A90095830D /* Huddle */ = {
			isa = PBXNativeTarget;
			buildConfigurationList = 418C3B3E1CFE03A90095830D /* Build configuration list for PBXNativeTarget "Huddle" */;
			buildPhases = (
				418C3B281CFE03A90095830D /* Sources */,
				418C3B291CFE03A90095830D /* Frameworks */,
				418C3B2A1CFE03A90095830D /* Resources */,
			);
			buildRules = (
			);
			dependencies = (
			);
			name = Huddle;
			productName = Huddle;
			productReference = 418C3B2C1CFE03A90095830D /* Huddle.app */;
			productType = "com.apple.product-type.application";
		};
/* End PBXNativeTarget section */

/* Begin PBXProject section */
		418C3B241CFE03A90095830D /* Project object */ = {
			isa = PBXProject;
			attributes = {
				LastSwiftUpdateCheck = 0730;
				LastUpgradeCheck = 0730;
				ORGANIZATIONNAME = "Donny Davis";
				TargetAttributes = {
					418C3B2B1CFE03A90095830D = {
						CreatedOnToolsVersion = 7.3;
					};
				};
			};
			buildConfigurationList = 418C3B271CFE03A90095830D /* Build configuration list for PBXProject "Huddle" */;
			compatibilityVersion = "Xcode 3.2";
			developmentRegion = English;
			hasScannedForEncodings = 0;
			knownRegions = (
				en,
				Base,
			);
			mainGroup = 418C3B231CFE03A90095830D;
			productRefGroup = 418C3B2D1CFE03A90095830D /* Products */;
			projectDirPath = "";
			projectRoot = "";
			targets = (
				418C3B2B1CFE03A90095830D /* Huddle */,
			);
		};
/* End PBXProject section */

/* Begin PBXResourcesBuildPhase section */
		418C3B2A1CFE03A90095830D /* Resources */ = {
			isa = PBXResourcesBuildPhase;
			buildActionMask = 2147483647;
			files = (
				418C3B3A1CFE03A90095830D /* LaunchScreen.storyboard in Resources */,
				418C3B371CFE03A90095830D /* Assets.xcassets in Resources */,
				418C3B351CFE03A90095830D /* Main.storyboard in Resources */,
			);
			runOnlyForDeploymentPostprocessing = 0;
		};
/* End PBXResourcesBuildPhase section */

/* Begin PBXSourcesBuildPhase section */
		418C3B281CFE03A90095830D /* Sources */ = {
			isa = PBXSourcesBuildPhase;
			buildActionMask = 2147483647;
			files = (
				418C3B321CFE03A90095830D /* ViewController.swift in Sources */,
				418C3B301CFE03A90095830D /* AppDelegate.swift in Sources */,
			);
			runOnlyForDeploymentPostprocessing = 0;
		};
/* End PBXSourcesBuildPhase section */

/* Begin PBXVariantGroup section */
		418C3B331CFE03A90095830D /* Main.storyboard */ = {
			isa = PBXVariantGroup;
			children = (
				418C3B341CFE03A90095830D /* Base */,
			);
			name = Main.storyboard;
			sourceTree = "<group>";
		};
		418C3B381CFE03A90095830D /* LaunchScreen.storyboard */ = {
			isa = PBXVariantGroup;
			children = (
				418C3B391CFE03A90095830D /* Base */,
			);
			name = LaunchScreen.storyboard;
			sourceTree = "<group>";
		};
/* End PBXVariantGroup section */

/* Begin XCBuildConfiguration section */
		418C3B3C1CFE03A90095830D /* Debug */ = {
			isa = XCBuildConfiguration;
			buildSettings = {
				ALWAYS_SEARCH_USER_PATHS = NO;
				CLANG_ANALYZER_NONNULL = YES;
				CLANG_CXX_LANGUAGE_STANDARD = "gnu++0x";
				CLANG_CXX_LIBRARY = "libc++";
				CLANG_ENABLE_MODULES = YES;
				CLANG_ENABLE_OBJC_ARC = YES;
				CLANG_WARN_BOOL_CONVERSION = YES;
				CLANG_WARN_CONSTANT_CONVERSION = YES;
				CLANG_WARN_DIRECT_OBJC_ISA_USAGE = YES_ERROR;
				CLANG_WARN_EMPTY_BODY = YES;
				CLANG_WARN_ENUM_CONVERSION = YES;
				CLANG_WARN_INT_CONVERSION = YES;
				CLANG_WARN_OBJC_ROOT_CLASS = YES_ERROR;
				CLANG_WARN_UNREACHABLE_CODE = YES;
				CLANG_WARN__DUPLICATE_METHOD_MATCH = YES;
				"CODE_SIGN_IDENTITY[sdk=iphoneos*]" = "iPhone Developer";
				COPY_PHASE_STRIP = NO;
				DEBUG_INFORMATION_FORMAT = dwarf;
				ENABLE_STRICT_OBJC_MSGSEND = YES;
				ENABLE_TESTABILITY = YES;
				GCC_C_LANGUAGE_STANDARD = gnu99;
				GCC_DYNAMIC_NO_PIC = NO;
				GCC_NO_COMMON_BLOCKS = YES;
				GCC_OPTIMIZATION_LEVEL = 0;
				GCC_PREPROCESSOR_DEFINITIONS = (
					"DEBUG=1",
					"$(inherited)",
				);
				GCC_WARN_64_TO_32_BIT_CONVERSION = YES;
				GCC_WARN_ABOUT_RETURN_TYPE = YES_ERROR;
				GCC_WARN_UNDECLARED_SELECTOR = YES;
				GCC_WARN_UNINITIALIZED_AUTOS = YES_AGGRESSIVE;
				GCC_WARN_UNUSED_FUNCTION = YES;
				GCC_WARN_UNUSED_VARIABLE = YES;
				IPHONEOS_DEPLOYMENT_TARGET = 9.3;
				MTL_ENABLE_DEBUG_INFO = YES;
				ONLY_ACTIVE_ARCH = YES;
				SDKROOT = iphoneos;
				SWIFT_OPTIMIZATION_LEVEL = "-Onone";
			};
			name = Debug;
		};
		418C3B3D1CFE03A90095830D /* Release */ = {
			isa = XCBuildConfiguration;
			buildSettings = {
				ALWAYS_SEARCH_USER_PATHS = NO;
				CLANG_ANALYZER_NONNULL = YES;
				CLANG_CXX_LANGUAGE_STANDARD = "gnu++0x";
				CLANG_CXX_LIBRARY = "libc++";
				CLANG_ENABLE_MODULES = YES;
				CLANG_ENABLE_OBJC_ARC = YES;
				CLANG_WARN_BOOL_CONVERSION = YES;
				CLANG_WARN_CONSTANT_CONVERSION = YES;
				CLANG_WARN_DIRECT_OBJC_ISA_USAGE = YES_ERROR;
				CLANG_WARN_EMPTY_BODY = YES;
				CLANG_WARN_ENUM_CONVERSION = YES;
				CLANG_WARN_INT_CONVERSION = YES;
				CLANG_WARN_OBJC_ROOT_CLASS = YES_ERROR;
				CLANG_WARN_UNREACHABLE_CODE = YES;
				CLANG_WARN__DUPLICATE_METHOD_MATCH = YES;
				"CODE_SIGN_IDENTITY[sdk=iphoneos*]" = "iPhone Developer";
				COPY_PHASE_STRIP = NO;
				DEBUG_INFORMATION_FORMAT = "dwarf-with-dsym";
				ENABLE_NS_ASSERTIONS = NO;
				ENABLE_STRICT_OBJC_MSGSEND = YES;
				GCC_C_LANGUAGE_STANDARD = gnu99;
				GCC_NO_COMMON_BLOCKS = YES;
				GCC_WARN_64_TO_32_BIT_CONVERSION = YES;
				GCC_WARN_ABOUT_RETURN_TYPE = YES_ERROR;
				GCC_WARN_UNDECLARED_SELECTOR = YES;
				GCC_WARN_UNINITIALIZED_AUTOS = YES_AGGRESSIVE;
				GCC_WARN_UNUSED_FUNCTION = YES;
				GCC_WARN_UNUSED_VARIABLE = YES;
				IPHONEOS_DEPLOYMENT_TARGET = 9.3;
				MTL_ENABLE_DEBUG_INFO = NO;
				SDKROOT = iphoneos;
				VALIDATE_PRODUCT = YES;
			};
			name = Release;
		};
		418C3B3F1CFE03A90095830D /* Debug */ = {
			isa = XCBuildConfiguration;
			buildSettings = {
				ASSETCATALOG_COMPILER_APPICON_NAME = AppIcon;
				INFOPLIST_FILE = Huddle/Info.plist;
				LD_RUNPATH_SEARCH_PATHS = "$(inherited) @executable_path/Frameworks";
				PRODUCT_BUNDLE_IDENTIFIER = com.donnywdavis.Huddle;
				PRODUCT_NAME = "$(TARGET_NAME)";
			};
			name = Debug;
		};
		418C3B401CFE03A90095830D /* Release */ = {
			isa = XCBuildConfiguration;
			buildSettings = {
				ASSETCATALOG_COMPILER_APPICON_NAME = AppIcon;
				INFOPLIST_FILE = Huddle/Info.plist;
				LD_RUNPATH_SEARCH_PATHS = "$(inherited) @executable_path/Frameworks";
				PRODUCT_BUNDLE_IDENTIFIER = com.donnywdavis.Huddle;
				PRODUCT_NAME = "$(TARGET_NAME)";
			};
			name = Release;
		};
/* End XCBuildConfiguration section */

/* Begin XCConfigurationList section */
		418C3B271CFE03A90095830D /* Build configuration list for PBXProject "Huddle" */ = {
			isa = XCConfigurationList;
			buildConfigurations = (
				418C3B3C1CFE03A90095830D /* Debug */,
				418C3B3D1CFE03A90095830D /* Release */,
			);
			defaultConfigurationIsVisible = 0;
			defaultConfigurationName = Release;
		};
		418C3B3E1CFE03A90095830D /* Build configuration list for PBXNativeTarget "Huddle" */ = {
			isa = XCConfigurationList;
			buildConfigurations = (
				418C3B3F1CFE03A90095830D /* Debug */,
				418C3B401CFE03A90095830D /* Release */,
			);
			defaultConfigurationIsVisible = 0;
		};
/* End XCConfigurationList section */
	};
	rootObject = 418C3B241CFE03A90095830D /* Project object */;
}
